
Microsoft Visual Studio Solution File, Format Version 12.00
# Visual Studio Version 16
VisualStudioVersion = 16.0.30621.155
MinimumVisualStudioVersion = 10.0.40219.1
Project("{9A19103F-16F7-4668-BE54-9A1E7A4F7556}") = "FinancialWebApi.Project", "Project\FinancialWebApi.Project.csproj", "{A717CCC4-6905-43E2-88E3-B057F6C610E4}"
EndProject
Project("{FAE04EC0-301F-11D3-BF4B-00C04F79EFBC}") = "FinancialWebApi.Test", "Test\FinancialWebApi.Test.csproj", "{B82C7DB7-469D-482E-B976-FB79D679E7EE}"
EndProject
Global
	GlobalSection(SolutionConfigurationPlatforms) = preSolution
		Debug|Any CPU = Debug|Any CPU
		Release|Any CPU = Release|Any CPU
	EndGlobalSection
	GlobalSection(ProjectConfigurationPlatforms) = postSolution
		{A717CCC4-6905-43E2-88E3-B057F6C610E4}.Debug|Any CPU.ActiveCfg = Debug|Any CPU
		{A717CCC4-6905-43E2-88E3-B057F6C610E4}.Debug|Any CPU.Build.0 = Debug|Any CPU
		{A717CCC4-6905-43E2-88E3-B057F6C610E4}.Release|Any CPU.ActiveCfg = Release|Any CPU
		{A717CCC4-6905-43E2-88E3-B057F6C610E4}.Release|Any CPU.Build.0 = Release|Any CPU
		{B82C7DB7-469D-482E-B976-FB79D679E7EE}.Debug|Any CPU.ActiveCfg = Debug|Any CPU
		{B82C7DB7-469D-482E-B976-FB79D679E7EE}.Debug|Any CPU.Build.0 = Debug|Any CPU
		{B82C7DB7-469D-482E-B976-FB79D679E7EE}.Release|Any CPU.ActiveCfg = Release|Any CPU
		{B82C7DB7-469D-482E-B976-FB79D679E7EE}.Release|Any CPU.Build.0 = Release|Any CPU
	EndGlobalSection
	GlobalSection(SolutionProperties) = preSolution
		HideSolutionNode = FALSE
	EndGlobalSection
	GlobalSection(ExtensibilityGlobals) = postSolution
		SolutionGuid = {22F2DCAC-C5C3-4655-9332-9098F481C729}
	EndGlobalSection
EndGlobal
